
Microsoft Visual Studio Solution File, Format Version 12.00
# Visual Studio Version 16
VisualStudioVersion = 16.0.29806.167
MinimumVisualStudioVersion = 10.0.40219.1
Project("{8BC9CEB8-8B4A-11D0-8D11-00A0C91BC942}") = "InterceptionApp", "InterceptionApp\InterceptionApp.vcxproj", "{FCA9648D-91A2-4328-9C46-622FB2851F59}"
EndProject
Global
	GlobalSection(SolutionConfigurationPlatforms) = preSolution
		Debug|x64 = Debug|x64
		Debug|x86 = Debug|x86
		Release|x64 = Release|x64
		Release|x86 = Release|x86
	EndGlobalSection
	GlobalSection(ProjectConfigurationPlatforms) = postSolution
		{FCA9648D-91A2-4328-9C46-622FB2851F59}.Debug|x64.ActiveCfg = Debug|x64
		{FCA9648D-91A2-4328-9C46-622FB2851F59}.Debug|x64.Build.0 = Debug|x64
		{FCA9648D-91A2-4328-9C46-622FB2851F59}.Debug|x86.ActiveCfg = Debug|Win32
		{FCA9648D-91A2-4328-9C46-622FB2851F59}.Debug|x86.Build.0 = Debug|Win32
		{FCA9648D-91A2-4328-9C46-622FB2851F59}.Release|x64.ActiveCfg = Release|x64
		{FCA9648D-91A2-4328-9C46-622FB2851F59}.Release|x64.Build.0 = Release|x64
		{FCA9648D-91A2-4328-9C46-622FB2851F59}.Release|x86.ActiveCfg = Release|Win32
		{FCA9648D-91A2-4328-9C46-622FB2851F59}.Release|x86.Build.0 = Release|Win32
	EndGlobalSection
	GlobalSection(SolutionProperties) = preSolution
		HideSolutionNode = FALSE
	EndGlobalSection
	GlobalSection(ExtensibilityGlobals) = postSolution
		SolutionGuid = {A2F2780E-6EC0-4FFB-8AAA-949A9DFDDF9C}
	EndGlobalSection
EndGlobal
